
Microsoft Visual Studio Solution File, Format Version 12.00
# Visual Studio Version 17
VisualStudioVersion = 17.2.32505.173
MinimumVisualStudioVersion = 10.0.40219.1
Project("{FAE04EC0-301F-11D3-BF4B-00C04F79EFBC}") = "Media_player", "Media_player\Media_player.csproj", "{EF97E20D-23FE-4DAF-83A2-DCF4E18CAB69}"
EndProject
Global
	GlobalSection(SolutionConfigurationPlatforms) = preSolution
		Debug|Any CPU = Debug|Any CPU
		Release|Any CPU = Release|Any CPU
	EndGlobalSection
	GlobalSection(ProjectConfigurationPlatforms) = postSolution
		{EF97E20D-23FE-4DAF-83A2-DCF4E18CAB69}.Debug|Any CPU.ActiveCfg = Debug|Any CPU
		{EF97E20D-23FE-4DAF-83A2-DCF4E18CAB69}.Debug|Any CPU.Build.0 = Debug|Any CPU
		{EF97E20D-23FE-4DAF-83A2-DCF4E18CAB69}.Release|Any CPU.ActiveCfg = Release|Any CPU
		{EF97E20D-23FE-4DAF-83A2-DCF4E18CAB69}.Release|Any CPU.Build.0 = Release|Any CPU
	EndGlobalSection
	GlobalSection(SolutionProperties) = preSolution
		HideSolutionNode = FALSE
	EndGlobalSection
	GlobalSection(ExtensibilityGlobals) = postSolution
		SolutionGuid = {73C891E7-0315-4A16-BE73-C8BCD7B76983}
	EndGlobalSection
EndGlobal
